// !$*UTF8*$!
{
	archiveVersion = 1;
	classes = {
	};
	objectVersion = 46;
	objects = {

/* Begin PBXBuildFile section */
		F814A7F01A8B58C8009B67F6 /* main.cpp in Sources */ = {isa = PBXBuildFile; fileRef = F814A7EF1A8B58C8009B67F6 /* main.cpp */; };
/* End PBXBuildFile section */

/* Begin PBXCopyFilesBuildPhase section */
		F814A7EA1A8B58C8009B67F6 /* CopyFiles */ = {
			isa = PBXCopyFilesBuildPhase;
			buildActionMask = 2147483647;
			dstPath = /usr/share/man/man1/;
			dstSubfolderSpec = 0;
			files = (
			);
			runOnlyForDeploymentPostprocessing = 1;
		};
/* End PBXCopyFilesBuildPhase section */

/* Begin PBXFileReference section */
		F814A7EC1A8B58C8009B67F6 /* EMoon-Translator */ = {isa = PBXFileReference; explicitFileType = "compiled.mach-o.executable"; includeInIndex = 0; path = "EMoon-Translator"; sourceTree = BUILT_PRODUCTS_DIR; };
		F814A7EF1A8B58C8009B67F6 /* main.cpp */ = {isa = PBXFileReference; lastKnownFileType = sourcecode.cpp.cpp; path = main.cpp; sourceTree = "<group>"; };
		F82F13321A903879003E3649 /* colours.csv */ = {isa = PBXFileReference; fileEncoding = 4; lastKnownFileType = text; path = colours.csv; sourceTree = "<group>"; };
		F82F13331A903879003E3649 /* lightshows.csv */ = {isa = PBXFileReference; fileEncoding = 4; lastKnownFileType = text; path = lightshows.csv; sourceTree = "<group>"; };
		F82F13341A903879003E3649 /* strips.csv */ = {isa = PBXFileReference; fileEncoding = 4; lastKnownFileType = text; path = strips.csv; sourceTree = "<group>"; };
		F8E0E1741A8E2AD300F13FA6 /* Lightshows_header.txt */ = {isa = PBXFileReference; fileEncoding = 4; lastKnownFileType = text; name = Lightshows_header.txt; path = "EMoon-Translator/Lightshows_header.txt"; sourceTree = "<group>"; };
		F8E0E1751A8E2AD300F13FA6 /* Lightshows_source.txt */ = {isa = PBXFileReference; fileEncoding = 4; lastKnownFileType = text; name = Lightshows_source.txt; path = "EMoon-Translator/Lightshows_source.txt"; sourceTree = "<group>"; };
		F8E0E1761A8E2AD300F13FA6 /* Strips_header.txt */ = {isa = PBXFileReference; fileEncoding = 4; lastKnownFileType = text; name = Strips_header.txt; path = "EMoon-Translator/Strips_header.txt"; sourceTree = "<group>"; };
		F8E0E1771A8E2AD300F13FA6 /* Strips_source.txt */ = {isa = PBXFileReference; fileEncoding = 4; lastKnownFileType = text; name = Strips_source.txt; path = "EMoon-Translator/Strips_source.txt"; sourceTree = "<group>"; };
/* End PBXFileReference section */

/* Begin PBXFrameworksBuildPhase section */
		F814A7E91A8B58C8009B67F6 /* Frameworks */ = {
			isa = PBXFrameworksBuildPhase;
			buildActionMask = 2147483647;
			files = (
			);
			runOnlyForDeploymentPostprocessing = 0;
		};
/* End PBXFrameworksBuildPhase section */

/* Begin PBXGroup section */
		F814A7E31A8B58C8009B67F6 = {
			isa = PBXGroup;
			children = (
				F8E0E1741A8E2AD300F13FA6 /* Lightshows_header.txt */,
				F8E0E1751A8E2AD300F13FA6 /* Lightshows_source.txt */,
				F8E0E1761A8E2AD300F13FA6 /* Strips_header.txt */,
				F8E0E1771A8E2AD300F13FA6 /* Strips_source.txt */,
				F814A7EE1A8B58C8009B67F6 /* EMoon-Translator */,
				F814A7ED1A8B58C8009B67F6 /* Products */,
			);
			sourceTree = "<group>";
		};
		F814A7ED1A8B58C8009B67F6 /* Products */ = {
			isa = PBXGroup;
			children = (
				F814A7EC1A8B58C8009B67F6 /* EMoon-Translator */,
			);
			name = Products;
			sourceTree = "<group>";
		};
		F814A7EE1A8B58C8009B67F6 /* EMoon-Translator */ = {
			isa = PBXGroup;
			children = (
				F814A7EF1A8B58C8009B67F6 /* main.cpp */,
				F82F13321A903879003E3649 /* colours.csv */,
				F82F13331A903879003E3649 /* lightshows.csv */,
				F82F13341A903879003E3649 /* strips.csv */,
			);
			path = "EMoon-Translator";
			sourceTree = "<group>";
		};
/* End PBXGroup section */

/* Begin PBXNativeTarget section */
		F814A7EB1A8B58C8009B67F6 /* EMoon-Translator */ = {
			isa = PBXNativeTarget;
			buildConfigurationList = F814A7F31A8B58C8009B67F6 /* Build configuration list for PBXNativeTarget "EMoon-Translator" */;
			buildPhases = (
				F814A7E81A8B58C8009B67F6 /* Sources */,
				F814A7E91A8B58C8009B67F6 /* Frameworks */,
				F814A7EA1A8B58C8009B67F6 /* CopyFiles */,
			);
			buildRules = (
			);
			dependencies = (
			);
			name = "EMoon-Translator";
			productName = "EMoon-Translator";
			productReference = F814A7EC1A8B58C8009B67F6 /* EMoon-Translator */;
			productType = "com.apple.product-type.tool";
		};
/* End PBXNativeTarget section */

/* Begin PBXProject section */
		F814A7E41A8B58C8009B67F6 /* Project object */ = {
			isa = PBXProject;
			attributes = {
				LastUpgradeCheck = 0610;
				ORGANIZATIONNAME = "Gordon Lescinsky";
				TargetAttributes = {
					F814A7EB1A8B58C8009B67F6 = {
						CreatedOnToolsVersion = 6.1.1;
					};
				};
			};
			buildConfigurationList = F814A7E71A8B58C8009B67F6 /* Build configuration list for PBXProject "EMoon-Translator" */;
			compatibilityVersion = "Xcode 3.2";
			developmentRegion = English;
			hasScannedForEncodings = 0;
			knownRegions = (
				en,
			);
			mainGroup = F814A7E31A8B58C8009B67F6;
			productRefGroup = F814A7ED1A8B58C8009B67F6 /* Products */;
			projectDirPath = "";
			projectRoot = "";
			targets = (
				F814A7EB1A8B58C8009B67F6 /* EMoon-Translator */,
			);
		};
/* End PBXProject section */

/* Begin PBXSourcesBuildPhase section */
		F814A7E81A8B58C8009B67F6 /* Sources */ = {
			isa = PBXSourcesBuildPhase;
			buildActionMask = 2147483647;
			files = (
				F814A7F01A8B58C8009B67F6 /* main.cpp in Sources */,
			);
			runOnlyForDeploymentPostprocessing = 0;
		};
/* End PBXSourcesBuildPhase section */

/* Begin XCBuildConfiguration section */
		F814A7F11A8B58C8009B67F6 /* Debug */ = {
			isa = XCBuildConfiguration;
			buildSettings = {
				ALWAYS_SEARCH_USER_PATHS = NO;
				CLANG_CXX_LANGUAGE_STANDARD = "gnu++0x";
				CLANG_CXX_LIBRARY = "libc++";
				CLANG_ENABLE_MODULES = YES;
				CLANG_ENABLE_OBJC_ARC = YES;
				CLANG_WARN_BOOL_CONVERSION = YES;
				CLANG_WARN_CONSTANT_CONVERSION = YES;
				CLANG_WARN_DIRECT_OBJC_ISA_USAGE = YES_ERROR;
				CLANG_WARN_EMPTY_BODY = YES;
				CLANG_WARN_ENUM_CONVERSION = YES;
				CLANG_WARN_INT_CONVERSION = YES;
				CLANG_WARN_OBJC_ROOT_CLASS = YES_ERROR;
				CLANG_WARN_UNREACHABLE_CODE = YES;
				CLANG_WARN__DUPLICATE_METHOD_MATCH = YES;
				COPY_PHASE_STRIP = NO;
				ENABLE_STRICT_OBJC_MSGSEND = YES;
				GCC_C_LANGUAGE_STANDARD = gnu99;
				GCC_DYNAMIC_NO_PIC = NO;
				GCC_OPTIMIZATION_LEVEL = 0;
				GCC_PREPROCESSOR_DEFINITIONS = (
					"DEBUG=1",
					"$(inherited)",
				);
				GCC_SYMBOLS_PRIVATE_EXTERN = NO;
				GCC_WARN_64_TO_32_BIT_CONVERSION = YES;
				GCC_WARN_ABOUT_RETURN_TYPE = YES_ERROR;
				GCC_WARN_UNDECLARED_SELECTOR = YES;
				GCC_WARN_UNINITIALIZED_AUTOS = YES_AGGRESSIVE;
				GCC_WARN_UNUSED_FUNCTION = YES;
				GCC_WARN_UNUSED_VARIABLE = YES;
				MACOSX_DEPLOYMENT_TARGET = 10.10;
				MTL_ENABLE_DEBUG_INFO = YES;
				ONLY_ACTIVE_ARCH = YES;
				SDKROOT = macosx;
			};
			name = Debug;
		};
		F814A7F21A8B58C8009B67F6 /* Release */ = {
			isa = XCBuildConfiguration;
			buildSettings = {
				ALWAYS_SEARCH_USER_PATHS = NO;
				CLANG_CXX_LANGUAGE_STANDARD = "gnu++0x";
				CLANG_CXX_LIBRARY = "libc++";
				CLANG_ENABLE_MODULES = YES;
				CLANG_ENABLE_OBJC_ARC = YES;
				CLANG_WARN_BOOL_CONVERSION = YES;
				CLANG_WARN_CONSTANT_CONVERSION = YES;
				CLANG_WARN_DIRECT_OBJC_ISA_USAGE = YES_ERROR;
				CLANG_WARN_EMPTY_BODY = YES;
				CLANG_WARN_ENUM_CONVERSION = YES;
				CLANG_WARN_INT_CONVERSION = YES;
				CLANG_WARN_OBJC_ROOT_CLASS = YES_ERROR;
				CLANG_WARN_UNREACHABLE_CODE = YES;
				CLANG_WARN__DUPLICATE_METHOD_MATCH = YES;
				COPY_PHASE_STRIP = YES;
				DEBUG_INFORMATION_FORMAT = "dwarf-with-dsym";
				ENABLE_NS_ASSERTIONS = NO;
				ENABLE_STRICT_OBJC_MSGSEND = YES;
				GCC_C_LANGUAGE_STANDARD = gnu99;
				GCC_WARN_64_TO_32_BIT_CONVERSION = YES;
				GCC_WARN_ABOUT_RETURN_TYPE = YES_ERROR;
				GCC_WARN_UNDECLARED_SELECTOR = YES;
				GCC_WARN_UNINITIALIZED_AUTOS = YES_AGGRESSIVE;
				GCC_WARN_UNUSED_FUNCTION = YES;
				GCC_WARN_UNUSED_VARIABLE = YES;
				MACOSX_DEPLOYMENT_TARGET = 10.10;
				MTL_ENABLE_DEBUG_INFO = NO;
				SDKROOT = macosx;
			};
			name = Release;
		};
		F814A7F41A8B58C8009B67F6 /* Debug */ = {
			isa = XCBuildConfiguration;
			buildSettings = {
				PRODUCT_NAME = "$(TARGET_NAME)";
			};
			name = Debug;
		};
		F814A7F51A8B58C8009B67F6 /* Release */ = {
			isa = XCBuildConfiguration;
			buildSettings = {
				PRODUCT_NAME = "$(TARGET_NAME)";
			};
			name = Release;
		};
/* End XCBuildConfiguration section */

/* Begin XCConfigurationList section */
		F814A7E71A8B58C8009B67F6 /* Build configuration list for PBXProject "EMoon-Translator" */ = {
			isa = XCConfigurationList;
			buildConfigurations = (
				F814A7F11A8B58C8009B67F6 /* Debug */,
				F814A7F21A8B58C8009B67F6 /* Release */,
			);
			defaultConfigurationIsVisible = 0;
			defaultConfigurationName = Release;
		};
		F814A7F31A8B58C8009B67F6 /* Build configuration list for PBXNativeTarget "EMoon-Translator" */ = {
			isa = XCConfigurationList;
			buildConfigurations = (
				F814A7F41A8B58C8009B67F6 /* Debug */,
				F814A7F51A8B58C8009B67F6 /* Release */,
			);
			defaultConfigurationIsVisible = 0;
			defaultConfigurationName = Release;
		};
/* End XCConfigurationList section */
	};
	rootObject = F814A7E41A8B58C8009B67F6 /* Project object */;
}
